{
  "name": "@quality-sh/create-provenance",
  "version": "0.1.0",
  "lockfileVersion": 3,
  "requires": true,
  "packages": {
    "": {
      "name": "@quality-sh/create-provenance",
      "version": "0.1.0",
      "license": "BUSL-1.1",
      "dependencies": {
        "@quality-sh/provenance": "0.1.0"
      },
      "bin": {
        "create-provenance": "bin/create-provenance.mjs"
      },
      "engines": {
        "node": ">=20"
      }
    },
    "node_modules/@quality-sh/provenance": {
      "version": "0.1.0",
      "resolved": "https://registry.npmjs.org/@quality-sh/provenance/-/provenance-0.1.0.tgz",
      "integrity": "sha512-Evz7n43tcLKUZrUvDmnRdnMRkVDVh9bv5gZ/oZaE9IviCNu2MmJvyt0XJhiPZEAyEoX/eKZ7Jkf++0VA+9MC4Q==",
      "license": "BUSL-1.1",
      "dependencies": {
        "typescript": "^5.9.3"
      },
      "bin": {
        "provenance": "bin/provenance.mjs"
      },
      "engines": {
        "node": ">=20"
      },
      "optionalDependencies": {
        "@quality-sh/provenance-darwin-arm64": "0.1.0",
        "@quality-sh/provenance-darwin-x64": "0.1.0",
        "@quality-sh/provenance-linux-x64-gnu": "0.1.0",
        "@quality-sh/provenance-win32-x64-msvc": "0.1.0"
      }
    },
    "node_modules/@quality-sh/provenance-darwin-arm64": {
      "version": "0.1.0",
      "resolved": "https://registry.npmjs.org/@quality-sh/provenance-darwin-arm64/-/provenance-darwin-arm64-0.1.0.tgz",
      "integrity": "sha512-2GXbv4BT/K74thbTWNODI79IVvOR97eveXl1ubK/u5Wxt3BHdvhLm7XNdJ2ee+WHM2hB813FtVeSRWQZgDgMJQ==",
      "cpu": [
        "arm64"
      ],
      "license": "BUSL-1.1",
      "optional": true,
      "os": [
        "darwin"
      ],
      "engines": {
        "node": ">=20"
      }
    },
    "node_modules/@quality-sh/provenance-darwin-x64": {
      "version": "0.1.0",
      "resolved": "https://registry.npmjs.org/@quality-sh/provenance-darwin-x64/-/provenance-darwin-x64-0.1.0.tgz",
      "integrity": "sha512-jQuoJAwVzME+pLEZmkB0NDyv/z7Fsq2nb91j/lKyBEZRpKXJFwqU9X54nL9glyvFGBGpEpo9cGd9ki22mTXG5Q==",
      "cpu": [
        "x64"
      ],
      "license": "BUSL-1.1",
      "optional": true,
      "os": [
        "darwin"
      ],
      "engines": {
        "node": ">=20"
      }
    },
    "node_modules/@quality-sh/provenance-linux-x64-gnu": {
      "version": "0.1.0",
      "resolved": "https://registry.npmjs.org/@quality-sh/provenance-linux-x64-gnu/-/provenance-linux-x64-gnu-0.1.0.tgz",
      "integrity": "sha512-a13PLRQKXcmjo7pqCcRslMCxlZDliNrlxtVae+5ONzJy56ZNQRp/riQMSkYOBGSk7gY1Z9FAimPZB7/vtfVWAA==",
      "cpu": [
        "x64"
      ],
      "license": "BUSL-1.1",
      "optional": true,
      "os": [
        "linux"
      ],
      "engines": {
        "node": ">=20"
      }
    },
    "node_modules/@quality-sh/provenance-win32-x64-msvc": {
      "version": "0.1.0",
      "resolved": "https://registry.npmjs.org/@quality-sh/provenance-win32-x64-msvc/-/provenance-win32-x64-msvc-0.1.0.tgz",
      "integrity": "sha512-98+n8xy6xCpPTzznX9H5FqYTHxVeQlcwvzvN9WZXaZD9z0Cc4qAMiAzwk45CRPWHyoIGeaZt8Od9cG/LKfPsQQ==",
      "cpu": [
        "x64"
      ],
      "license": "BUSL-1.1",
      "optional": true,
      "os": [
        "win32"
      ],
      "engines": {
        "node": ">=20"
      }
    },
    "node_modules/typescript": {
      "version": "5.9.3",
      "resolved": "https://registry.npmjs.org/typescript/-/typescript-5.9.3.tgz",
      "integrity": "sha512-jl1vZzPDinLr9eUt3J/t7V6FgNEw9QjvBPdysz9KfQDD41fQrC2Y4vKQdiaUpFT4bXlb1RHhLpp8wtm6M5TgSw==",
      "license": "Apache-2.0",
      "bin": {
        "tsc": "bin/tsc",
        "tsserver": "bin/tsserver"
      },
      "engines": {
        "node": ">=14.17"
      }
    }
  }
}
