{
  "name": "provenance-typescript-sdk-example",
  "lockfileVersion": 3,
  "requires": true,
  "packages": {
    "": {
      "name": "provenance-typescript-sdk-example",
      "dependencies": {
        "@quality-sh/provenance": "file:../../packages/provenance"
      },
      "devDependencies": {
        "typescript": "^5.9.3"
      }
    },
    "../../packages/provenance": {
      "name": "@quality-sh/provenance",
      "version": "0.2.0",
      "license": "BUSL-1.1",
      "dependencies": {
        "typescript": "^5.9.3"
      },
      "bin": {
        "provenance": "bin/provenance.mjs"
      },
      "devDependencies": {
        "@types/node": "^26.2.0"
      },
      "engines": {
        "node": ">=20"
      },
      "optionalDependencies": {
        "@quality-sh/provenance-darwin-arm64": "0.2.0",
        "@quality-sh/provenance-darwin-x64": "0.2.0",
        "@quality-sh/provenance-linux-x64-gnu": "0.2.0",
        "@quality-sh/provenance-win32-x64-msvc": "0.2.0"
      }
    },
    "node_modules/@quality-sh/provenance": {
      "resolved": "../../packages/provenance",
      "link": true
    },
    "node_modules/typescript": {
      "version": "5.9.3",
      "resolved": "https://registry.npmjs.org/typescript/-/typescript-5.9.3.tgz",
      "integrity": "sha512-jl1vZzPDinLr9eUt3J/t7V6FgNEw9QjvBPdysz9KfQDD41fQrC2Y4vKQdiaUpFT4bXlb1RHhLpp8wtm6M5TgSw==",
      "dev": true,
      "license": "Apache-2.0",
      "bin": {
        "tsc": "bin/tsc",
        "tsserver": "bin/tsserver"
      },
      "engines": {
        "node": ">=14.17"
      }
    }
  }
}
