{
  "name": "@quality-sh/provenance",
  "version": "0.2.2",
  "lockfileVersion": 3,
  "requires": true,
  "packages": {
    "": {
      "name": "@quality-sh/provenance",
      "version": "0.2.2",
      "license": "BUSL-1.1",
      "dependencies": {
        "typescript": "^5.9.3"
      },
      "bin": {
        "provenance": "bin/provenance.mjs"
      },
      "devDependencies": {
        "@types/node": "^26.2.0"
      },
      "engines": {
        "node": ">=20"
      },
      "optionalDependencies": {
        "@quality-sh/provenance-darwin-arm64": "0.2.2",
        "@quality-sh/provenance-darwin-x64": "0.2.2",
        "@quality-sh/provenance-linux-x64-gnu": "0.2.2",
        "@quality-sh/provenance-win32-x64-msvc": "0.2.2"
      }
    },
    "node_modules/@quality-sh/provenance-darwin-arm64": {
      "version": "0.2.2",
      "cpu": [
        "arm64"
      ],
      "license": "BUSL-1.1",
      "optional": true,
      "os": [
        "darwin"
      ],
      "engines": {
        "node": ">=20"
      }
    },
    "node_modules/@quality-sh/provenance-darwin-x64": {
      "version": "0.2.2",
      "cpu": [
        "x64"
      ],
      "license": "BUSL-1.1",
      "optional": true,
      "os": [
        "darwin"
      ],
      "engines": {
        "node": ">=20"
      }
    },
    "node_modules/@quality-sh/provenance-linux-x64-gnu": {
      "version": "0.2.2",
      "cpu": [
        "x64"
      ],
      "license": "BUSL-1.1",
      "optional": true,
      "os": [
        "linux"
      ],
      "engines": {
        "node": ">=20"
      }
    },
    "node_modules/@quality-sh/provenance-win32-x64-msvc": {
      "version": "0.2.2",
      "cpu": [
        "x64"
      ],
      "license": "BUSL-1.1",
      "optional": true,
      "os": [
        "win32"
      ],
      "engines": {
        "node": ">=20"
      }
    },
    "node_modules/@types/node": {
      "version": "26.2.0",
      "resolved": "https://registry.npmjs.org/@types/node/-/node-26.2.0.tgz",
      "integrity": "sha512-5IviulTZeRNp2vAJ514cc/HUlY5nZ9fCbq9DMyC52BrhFZACo3nI0R7qBxhQmo/d27NFe96ur/b7Wwxklda+kg==",
      "dev": true,
      "license": "MIT",
      "dependencies": {
        "undici-types": "~8.3.0"
      }
    },
    "node_modules/typescript": {
      "version": "5.9.3",
      "resolved": "https://registry.npmjs.org/typescript/-/typescript-5.9.3.tgz",
      "integrity": "sha512-jl1vZzPDinLr9eUt3J/t7V6FgNEw9QjvBPdysz9KfQDD41fQrC2Y4vKQdiaUpFT4bXlb1RHhLpp8wtm6M5TgSw==",
      "license": "Apache-2.0",
      "bin": {
        "tsc": "bin/tsc",
        "tsserver": "bin/tsserver"
      },
      "engines": {
        "node": ">=14.17"
      }
    },
    "node_modules/undici-types": {
      "version": "8.3.0",
      "resolved": "https://registry.npmjs.org/undici-types/-/undici-types-8.3.0.tgz",
      "integrity": "sha512-j375ScV60dom+YkPFIfTLcOiPxkN/buHz5GobjLhixFuANaNs3C9l4GmrWqejgXWJ7BbJcFYpTEUkS1Ge8bpZQ==",
      "dev": true,
      "license": "MIT"
    }
  }
}
